
Microsoft Visual Studio Solution File, Format Version 12.00
# Visual Studio Version 16
VisualStudioVersion = 16.0.29926.136
MinimumVisualStudioVersion = 10.0.40219.1
Project("{FAE04EC0-301F-11D3-BF4B-00C04F79EFBC}") = "AccountKeeper", "AccountKeeper.csproj", "{9487718E-D597-4FD8-A099-A40133D7D97B}"
EndProject
Global
	GlobalSection(SolutionConfigurationPlatforms) = preSolution
		Debug|Any CPU = Debug|Any CPU
		Release|Any CPU = Release|Any CPU
	EndGlobalSection
	GlobalSection(ProjectConfigurationPlatforms) = postSolution
		{9487718E-D597-4FD8-A099-A40133D7D97B}.Debug|Any CPU.ActiveCfg = Debug|Any CPU
		{9487718E-D597-4FD8-A099-A40133D7D97B}.Debug|Any CPU.Build.0 = Debug|Any CPU
		{9487718E-D597-4FD8-A099-A40133D7D97B}.Release|Any CPU.ActiveCfg = Release|Any CPU
		{9487718E-D597-4FD8-A099-A40133D7D97B}.Release|Any CPU.Build.0 = Release|Any CPU
	EndGlobalSection
	GlobalSection(SolutionProperties) = preSolution
		HideSolutionNode = FALSE
	EndGlobalSection
	GlobalSection(ExtensibilityGlobals) = postSolution
		SolutionGuid = {5C2BDE3B-ACF9-489E-95AF-30DBE13ABF35}
	EndGlobalSection
EndGlobal
